
Microsoft Visual Studio Solution File, Format Version 12.00
# Visual Studio Version 17
VisualStudioVersion = 17.2.32630.192
MinimumVisualStudioVersion = 10.0.40219.1
Project("{9A19103F-16F7-4668-BE54-9A1E7A4F7556}") = "R5T.S0086", "R5T.S0086\R5T.S0086.csproj", "{8A66E446-5F96-420D-9003-8C416EAB8F5C}"
EndProject
Project("{2150E333-8FDC-42A3-9474-1A3956D46DE8}") = "_Dependencies", "_Dependencies", "{6A66C407-F2B9-4C8F-A02D-9A4659141E78}"
EndProject
Project("{9A19103F-16F7-4668-BE54-9A1E7A4F7556}") = "R5T.F0000", "..\..\R5T.F0000\source\R5T.F0000\R5T.F0000.csproj", "{5636D6BE-F960-452E-999E-959A98C5EE0F}"
EndProject
Project("{9A19103F-16F7-4668-BE54-9A1E7A4F7556}") = "R5T.F0002", "..\..\R5T.F0002\source\R5T.F0002\R5T.F0002.csproj", "{C594E790-617E-41F1-9F3E-A0D41EE07BB7}"
EndProject
Project("{9A19103F-16F7-4668-BE54-9A1E7A4F7556}") = "R5T.F0120", "..\..\R5T.F0120\source\R5T.F0120\R5T.F0120.csproj", "{D472C99A-A1B5-4240-B413-A6937A9A455F}"
EndProject
Project("{9A19103F-16F7-4668-BE54-9A1E7A4F7556}") = "R5T.F0124", "..\..\R5T.F0124\source\R5T.F0124\R5T.F0124.csproj", "{A2C90512-1388-4AA6-AA05-65D078653ED2}"
EndProject
Project("{9A19103F-16F7-4668-BE54-9A1E7A4F7556}") = "R5T.F0125", "..\..\R5T.F0125\source\R5T.F0125\R5T.F0125.csproj", "{892D22D6-B343-413A-A81A-63DE09FC649F}"
EndProject
Project("{9A19103F-16F7-4668-BE54-9A1E7A4F7556}") = "R5T.F0140", "..\..\R5T.F0140\source\R5T.F0140\R5T.F0140.csproj", "{D7A9AB95-B9EF-4C9C-B3F7-329D6DB68073}"
EndProject
Project("{9A19103F-16F7-4668-BE54-9A1E7A4F7556}") = "R5T.L0030.T000", "..\..\R5T.L0030\source\R5T.L0030.T000\R5T.L0030.T000.csproj", "{CF43756F-8CC2-4B9F-82F0-5547B8E6921A}"
EndProject
Project("{9A19103F-16F7-4668-BE54-9A1E7A4F7556}") = "R5T.L0030", "..\..\R5T.L0030\source\R5T.L0030\R5T.L0030.csproj", "{D855F91E-F111-4276-A0D0-D4C9C8E098BC}"
EndProject
Project("{9A19103F-16F7-4668-BE54-9A1E7A4F7556}") = "R5T.L0034", "..\..\R5T.L0034\source\R5T.L0034\R5T.L0034.csproj", "{6B2056DE-13F0-48DE-BF44-7A1273E65453}"
EndProject
Project("{9A19103F-16F7-4668-BE54-9A1E7A4F7556}") = "R5T.L0035", "..\..\R5T.L0035\source\R5T.L0035\R5T.L0035.csproj", "{779E3738-AFF8-4748-8A80-2D55875623C7}"
EndProject
Project("{9A19103F-16F7-4668-BE54-9A1E7A4F7556}") = "R5T.NG0022", "..\..\R5T.NG0022\source\R5T.NG0022\R5T.NG0022.csproj", "{85B5FCCB-5376-4D1B-9002-BBCA4D0A3D34}"
EndProject
Project("{9A19103F-16F7-4668-BE54-9A1E7A4F7556}") = "R5T.T0131", "..\..\R5T.T0131\source\R5T.T0131\R5T.T0131.csproj", "{36785811-A172-42F9-9038-13D5136C26FC}"
EndProject
Project("{9A19103F-16F7-4668-BE54-9A1E7A4F7556}") = "R5T.T0132", "..\..\R5T.T0132\source\R5T.T0132\R5T.T0132.csproj", "{2743751E-E799-473B-A365-43D38CB6C8E2}"
EndProject
Project("{9A19103F-16F7-4668-BE54-9A1E7A4F7556}") = "R5T.T0142", "..\..\R5T.T0142\source\R5T.T0142\R5T.T0142.csproj", "{73301E3F-5303-46B8-9FA2-77CF8FCC1C86}"
EndProject
Project("{9A19103F-16F7-4668-BE54-9A1E7A4F7556}") = "R5T.T0143", "..\..\R5T.T0143\source\R5T.T0143\R5T.T0143.csproj", "{81C23F71-4EEE-474A-AC80-56A0C76BF309}"
EndProject
Project("{9A19103F-16F7-4668-BE54-9A1E7A4F7556}") = "R5T.T0150", "..\..\R5T.T0150\source\R5T.T0150\R5T.T0150.csproj", "{8DEE3369-AAA5-4F0B-927D-EF302BE7CFC1}"
EndProject
Project("{9A19103F-16F7-4668-BE54-9A1E7A4F7556}") = "R5T.T0151", "..\..\R5T.T0151\source\R5T.T0151\R5T.T0151.csproj", "{B08C6AB0-C58C-4111-8AD5-90981950922B}"
EndProject
Project("{9A19103F-16F7-4668-BE54-9A1E7A4F7556}") = "R5T.T0156", "..\..\R5T.T0156\source\R5T.T0156\R5T.T0156.csproj", "{3B24288A-C78F-4843-9CE2-531F24D7EE01}"
EndProject
Project("{9A19103F-16F7-4668-BE54-9A1E7A4F7556}") = "R5T.T0172", "..\..\R5T.T0172\source\R5T.T0172\R5T.T0172.csproj", "{2AF4E898-A961-4F8D-A860-E380249D6900}"
EndProject
Project("{9A19103F-16F7-4668-BE54-9A1E7A4F7556}") = "R5T.T0174", "..\..\R5T.T0174\source\R5T.T0174\R5T.T0174.csproj", "{8448741E-032A-4C13-9BDD-67407F8326E5}"
EndProject
Project("{9A19103F-16F7-4668-BE54-9A1E7A4F7556}") = "R5T.T0176", "..\..\R5T.T0176\source\R5T.T0176\R5T.T0176.csproj", "{E7C70FE5-7EAF-4375-ACD8-836EEE7C5380}"
EndProject
Project("{9A19103F-16F7-4668-BE54-9A1E7A4F7556}") = "R5T.T0177", "..\..\R5T.T0177\source\R5T.T0177\R5T.T0177.csproj", "{6A785AC2-99D6-4477-A8FE-72459A13580C}"
EndProject
Project("{9A19103F-16F7-4668-BE54-9A1E7A4F7556}") = "R5T.T0178", "..\..\R5T.T0178\source\R5T.T0178\R5T.T0178.csproj", "{8AED51CE-BAEA-4AB4-A6E0-55566A591241}"
EndProject
Project("{9A19103F-16F7-4668-BE54-9A1E7A4F7556}") = "R5T.T0179", "..\..\R5T.T0179\source\R5T.T0179\R5T.T0179.csproj", "{ED77C4F1-9DF7-4272-A56B-8084D6BD279E}"
EndProject
Project("{9A19103F-16F7-4668-BE54-9A1E7A4F7556}") = "R5T.T0180", "..\..\R5T.T0180\source\R5T.T0180\R5T.T0180.csproj", "{5A471C83-3520-4964-BE64-8E416E81396B}"
EndProject
Project("{9A19103F-16F7-4668-BE54-9A1E7A4F7556}") = "R5T.T0181", "..\..\R5T.T0181\source\R5T.T0181\R5T.T0181.csproj", "{C562A65A-924B-4936-A94D-D1D842F534EC}"
EndProject
Project("{9A19103F-16F7-4668-BE54-9A1E7A4F7556}") = "R5T.T0185", "..\..\R5T.T0185\source\R5T.T0185\R5T.T0185.csproj", "{7BDAE553-F06A-4111-B561-AC832CA04126}"
EndProject
Project("{9A19103F-16F7-4668-BE54-9A1E7A4F7556}") = "R5T.T0203", "..\..\R5T.T0203\source\R5T.T0203\R5T.T0203.csproj", "{7F8E23E6-336C-43D6-9938-81328084A308}"
EndProject
Project("{9A19103F-16F7-4668-BE54-9A1E7A4F7556}") = "R5T.Y0000", "..\..\R5T.Y0000\source\R5T.Y0000\R5T.Y0000.csproj", "{FCF431BD-4578-4C40-AAA1-EE7B7378DAAF}"
EndProject
Project("{9A19103F-16F7-4668-BE54-9A1E7A4F7556}") = "R5T.Z0000", "..\..\R5T.Z0000\source\R5T.Z0000\R5T.Z0000.csproj", "{F1192C92-DEF6-4D9E-8432-2BF7B3606028}"
EndProject
Project("{9A19103F-16F7-4668-BE54-9A1E7A4F7556}") = "R5T.Z0044.Z000", "..\..\R5T.Z0044\source\R5T.Z0044.Z000\R5T.Z0044.Z000.csproj", "{29B66245-18AA-40E8-A38C-D1C67CC6183A}"
EndProject
Global
	GlobalSection(NestedProjects) = preSolution
		{5636D6BE-F960-452E-999E-959A98C5EE0F} = {6A66C407-F2B9-4C8F-A02D-9A4659141E78}
		{C594E790-617E-41F1-9F3E-A0D41EE07BB7} = {6A66C407-F2B9-4C8F-A02D-9A4659141E78}
		{D472C99A-A1B5-4240-B413-A6937A9A455F} = {6A66C407-F2B9-4C8F-A02D-9A4659141E78}
		{A2C90512-1388-4AA6-AA05-65D078653ED2} = {6A66C407-F2B9-4C8F-A02D-9A4659141E78}
		{892D22D6-B343-413A-A81A-63DE09FC649F} = {6A66C407-F2B9-4C8F-A02D-9A4659141E78}
		{D7A9AB95-B9EF-4C9C-B3F7-329D6DB68073} = {6A66C407-F2B9-4C8F-A02D-9A4659141E78}
		{CF43756F-8CC2-4B9F-82F0-5547B8E6921A} = {6A66C407-F2B9-4C8F-A02D-9A4659141E78}
		{D855F91E-F111-4276-A0D0-D4C9C8E098BC} = {6A66C407-F2B9-4C8F-A02D-9A4659141E78}
		{6B2056DE-13F0-48DE-BF44-7A1273E65453} = {6A66C407-F2B9-4C8F-A02D-9A4659141E78}
		{779E3738-AFF8-4748-8A80-2D55875623C7} = {6A66C407-F2B9-4C8F-A02D-9A4659141E78}
		{85B5FCCB-5376-4D1B-9002-BBCA4D0A3D34} = {6A66C407-F2B9-4C8F-A02D-9A4659141E78}
		{36785811-A172-42F9-9038-13D5136C26FC} = {6A66C407-F2B9-4C8F-A02D-9A4659141E78}
		{2743751E-E799-473B-A365-43D38CB6C8E2} = {6A66C407-F2B9-4C8F-A02D-9A4659141E78}
		{73301E3F-5303-46B8-9FA2-77CF8FCC1C86} = {6A66C407-F2B9-4C8F-A02D-9A4659141E78}
		{81C23F71-4EEE-474A-AC80-56A0C76BF309} = {6A66C407-F2B9-4C8F-A02D-9A4659141E78}
		{8DEE3369-AAA5-4F0B-927D-EF302BE7CFC1} = {6A66C407-F2B9-4C8F-A02D-9A4659141E78}
		{B08C6AB0-C58C-4111-8AD5-90981950922B} = {6A66C407-F2B9-4C8F-A02D-9A4659141E78}
		{3B24288A-C78F-4843-9CE2-531F24D7EE01} = {6A66C407-F2B9-4C8F-A02D-9A4659141E78}
		{2AF4E898-A961-4F8D-A860-E380249D6900} = {6A66C407-F2B9-4C8F-A02D-9A4659141E78}
		{8448741E-032A-4C13-9BDD-67407F8326E5} = {6A66C407-F2B9-4C8F-A02D-9A4659141E78}
		{E7C70FE5-7EAF-4375-ACD8-836EEE7C5380} = {6A66C407-F2B9-4C8F-A02D-9A4659141E78}
		{6A785AC2-99D6-4477-A8FE-72459A13580C} = {6A66C407-F2B9-4C8F-A02D-9A4659141E78}
		{8AED51CE-BAEA-4AB4-A6E0-55566A591241} = {6A66C407-F2B9-4C8F-A02D-9A4659141E78}
		{ED77C4F1-9DF7-4272-A56B-8084D6BD279E} = {6A66C407-F2B9-4C8F-A02D-9A4659141E78}
		{5A471C83-3520-4964-BE64-8E416E81396B} = {6A66C407-F2B9-4C8F-A02D-9A4659141E78}
		{C562A65A-924B-4936-A94D-D1D842F534EC} = {6A66C407-F2B9-4C8F-A02D-9A4659141E78}
		{7BDAE553-F06A-4111-B561-AC832CA04126} = {6A66C407-F2B9-4C8F-A02D-9A4659141E78}
		{7F8E23E6-336C-43D6-9938-81328084A308} = {6A66C407-F2B9-4C8F-A02D-9A4659141E78}
		{FCF431BD-4578-4C40-AAA1-EE7B7378DAAF} = {6A66C407-F2B9-4C8F-A02D-9A4659141E78}
		{F1192C92-DEF6-4D9E-8432-2BF7B3606028} = {6A66C407-F2B9-4C8F-A02D-9A4659141E78}
		{29B66245-18AA-40E8-A38C-D1C67CC6183A} = {6A66C407-F2B9-4C8F-A02D-9A4659141E78}
	EndGlobalSection
	GlobalSection(SolutionConfigurationPlatforms) = preSolution
		Debug|Any CPU = Debug|Any CPU
		Release|Any CPU = Release|Any CPU
	EndGlobalSection
	GlobalSection(ProjectConfigurationPlatforms) = postSolution
		{8A66E446-5F96-420D-9003-8C416EAB8F5C}.Debug|Any CPU.ActiveCfg = Debug|Any CPU
		{8A66E446-5F96-420D-9003-8C416EAB8F5C}.Debug|Any CPU.Build.0 = Debug|Any CPU
		{8A66E446-5F96-420D-9003-8C416EAB8F5C}.Release|Any CPU.ActiveCfg = Release|Any CPU
		{8A66E446-5F96-420D-9003-8C416EAB8F5C}.Release|Any CPU.Build.0 = Release|Any CPU
		{5636D6BE-F960-452E-999E-959A98C5EE0F}.Debug|Any CPU.ActiveCfg = Debug|Any CPU
		{5636D6BE-F960-452E-999E-959A98C5EE0F}.Debug|Any CPU.Build.0 = Debug|Any CPU
		{5636D6BE-F960-452E-999E-959A98C5EE0F}.Release|Any CPU.ActiveCfg = Release|Any CPU
		{5636D6BE-F960-452E-999E-959A98C5EE0F}.Release|Any CPU.Build.0 = Release|Any CPU
		{C594E790-617E-41F1-9F3E-A0D41EE07BB7}.Debug|Any CPU.ActiveCfg = Debug|Any CPU
		{C594E790-617E-41F1-9F3E-A0D41EE07BB7}.Debug|Any CPU.Build.0 = Debug|Any CPU
		{C594E790-617E-41F1-9F3E-A0D41EE07BB7}.Release|Any CPU.ActiveCfg = Release|Any CPU
		{C594E790-617E-41F1-9F3E-A0D41EE07BB7}.Release|Any CPU.Build.0 = Release|Any CPU
		{D472C99A-A1B5-4240-B413-A6937A9A455F}.Debug|Any CPU.ActiveCfg = Debug|Any CPU
		{D472C99A-A1B5-4240-B413-A6937A9A455F}.Debug|Any CPU.Build.0 = Debug|Any CPU
		{D472C99A-A1B5-4240-B413-A6937A9A455F}.Release|Any CPU.ActiveCfg = Release|Any CPU
		{D472C99A-A1B5-4240-B413-A6937A9A455F}.Release|Any CPU.Build.0 = Release|Any CPU
		{A2C90512-1388-4AA6-AA05-65D078653ED2}.Debug|Any CPU.ActiveCfg = Debug|Any CPU
		{A2C90512-1388-4AA6-AA05-65D078653ED2}.Debug|Any CPU.Build.0 = Debug|Any CPU
		{A2C90512-1388-4AA6-AA05-65D078653ED2}.Release|Any CPU.ActiveCfg = Release|Any CPU
		{A2C90512-1388-4AA6-AA05-65D078653ED2}.Release|Any CPU.Build.0 = Release|Any CPU
		{892D22D6-B343-413A-A81A-63DE09FC649F}.Debug|Any CPU.ActiveCfg = Debug|Any CPU
		{892D22D6-B343-413A-A81A-63DE09FC649F}.Debug|Any CPU.Build.0 = Debug|Any CPU
		{892D22D6-B343-413A-A81A-63DE09FC649F}.Release|Any CPU.ActiveCfg = Release|Any CPU
		{892D22D6-B343-413A-A81A-63DE09FC649F}.Release|Any CPU.Build.0 = Release|Any CPU
		{D7A9AB95-B9EF-4C9C-B3F7-329D6DB68073}.Debug|Any CPU.ActiveCfg = Debug|Any CPU
		{D7A9AB95-B9EF-4C9C-B3F7-329D6DB68073}.Debug|Any CPU.Build.0 = Debug|Any CPU
		{D7A9AB95-B9EF-4C9C-B3F7-329D6DB68073}.Release|Any CPU.ActiveCfg = Release|Any CPU
		{D7A9AB95-B9EF-4C9C-B3F7-329D6DB68073}.Release|Any CPU.Build.0 = Release|Any CPU
		{CF43756F-8CC2-4B9F-82F0-5547B8E6921A}.Debug|Any CPU.ActiveCfg = Debug|Any CPU
		{CF43756F-8CC2-4B9F-82F0-5547B8E6921A}.Debug|Any CPU.Build.0 = Debug|Any CPU
		{CF43756F-8CC2-4B9F-82F0-5547B8E6921A}.Release|Any CPU.ActiveCfg = Release|Any CPU
		{CF43756F-8CC2-4B9F-82F0-5547B8E6921A}.Release|Any CPU.Build.0 = Release|Any CPU
		{D855F91E-F111-4276-A0D0-D4C9C8E098BC}.Debug|Any CPU.ActiveCfg = Debug|Any CPU
		{D855F91E-F111-4276-A0D0-D4C9C8E098BC}.Debug|Any CPU.Build.0 = Debug|Any CPU
		{D855F91E-F111-4276-A0D0-D4C9C8E098BC}.Release|Any CPU.ActiveCfg = Release|Any CPU
		{D855F91E-F111-4276-A0D0-D4C9C8E098BC}.Release|Any CPU.Build.0 = Release|Any CPU
		{6B2056DE-13F0-48DE-BF44-7A1273E65453}.Debug|Any CPU.ActiveCfg = Debug|Any CPU
		{6B2056DE-13F0-48DE-BF44-7A1273E65453}.Debug|Any CPU.Build.0 = Debug|Any CPU
		{6B2056DE-13F0-48DE-BF44-7A1273E65453}.Release|Any CPU.ActiveCfg = Release|Any CPU
		{6B2056DE-13F0-48DE-BF44-7A1273E65453}.Release|Any CPU.Build.0 = Release|Any CPU
		{779E3738-AFF8-4748-8A80-2D55875623C7}.Debug|Any CPU.ActiveCfg = Debug|Any CPU
		{779E3738-AFF8-4748-8A80-2D55875623C7}.Debug|Any CPU.Build.0 = Debug|Any CPU
		{779E3738-AFF8-4748-8A80-2D55875623C7}.Release|Any CPU.ActiveCfg = Release|Any CPU
		{779E3738-AFF8-4748-8A80-2D55875623C7}.Release|Any CPU.Build.0 = Release|Any CPU
		{85B5FCCB-5376-4D1B-9002-BBCA4D0A3D34}.Debug|Any CPU.ActiveCfg = Debug|Any CPU
		{85B5FCCB-5376-4D1B-9002-BBCA4D0A3D34}.Debug|Any CPU.Build.0 = Debug|Any CPU
		{85B5FCCB-5376-4D1B-9002-BBCA4D0A3D34}.Release|Any CPU.ActiveCfg = Release|Any CPU
		{85B5FCCB-5376-4D1B-9002-BBCA4D0A3D34}.Release|Any CPU.Build.0 = Release|Any CPU
		{36785811-A172-42F9-9038-13D5136C26FC}.Debug|Any CPU.ActiveCfg = Debug|Any CPU
		{36785811-A172-42F9-9038-13D5136C26FC}.Debug|Any CPU.Build.0 = Debug|Any CPU
		{36785811-A172-42F9-9038-13D5136C26FC}.Release|Any CPU.ActiveCfg = Release|Any CPU
		{36785811-A172-42F9-9038-13D5136C26FC}.Release|Any CPU.Build.0 = Release|Any CPU
		{2743751E-E799-473B-A365-43D38CB6C8E2}.Debug|Any CPU.ActiveCfg = Debug|Any CPU
		{2743751E-E799-473B-A365-43D38CB6C8E2}.Debug|Any CPU.Build.0 = Debug|Any CPU
		{2743751E-E799-473B-A365-43D38CB6C8E2}.Release|Any CPU.ActiveCfg = Release|Any CPU
		{2743751E-E799-473B-A365-43D38CB6C8E2}.Release|Any CPU.Build.0 = Release|Any CPU
		{73301E3F-5303-46B8-9FA2-77CF8FCC1C86}.Debug|Any CPU.ActiveCfg = Debug|Any CPU
		{73301E3F-5303-46B8-9FA2-77CF8FCC1C86}.Debug|Any CPU.Build.0 = Debug|Any CPU
		{73301E3F-5303-46B8-9FA2-77CF8FCC1C86}.Release|Any CPU.ActiveCfg = Release|Any CPU
		{73301E3F-5303-46B8-9FA2-77CF8FCC1C86}.Release|Any CPU.Build.0 = Release|Any CPU
		{81C23F71-4EEE-474A-AC80-56A0C76BF309}.Debug|Any CPU.ActiveCfg = Debug|Any CPU
		{81C23F71-4EEE-474A-AC80-56A0C76BF309}.Debug|Any CPU.Build.0 = Debug|Any CPU
		{81C23F71-4EEE-474A-AC80-56A0C76BF309}.Release|Any CPU.ActiveCfg = Release|Any CPU
		{81C23F71-4EEE-474A-AC80-56A0C76BF309}.Release|Any CPU.Build.0 = Release|Any CPU
		{8DEE3369-AAA5-4F0B-927D-EF302BE7CFC1}.Debug|Any CPU.ActiveCfg = Debug|Any CPU
		{8DEE3369-AAA5-4F0B-927D-EF302BE7CFC1}.Debug|Any CPU.Build.0 = Debug|Any CPU
		{8DEE3369-AAA5-4F0B-927D-EF302BE7CFC1}.Release|Any CPU.ActiveCfg = Release|Any CPU
		{8DEE3369-AAA5-4F0B-927D-EF302BE7CFC1}.Release|Any CPU.Build.0 = Release|Any CPU
		{B08C6AB0-C58C-4111-8AD5-90981950922B}.Debug|Any CPU.ActiveCfg = Debug|Any CPU
		{B08C6AB0-C58C-4111-8AD5-90981950922B}.Debug|Any CPU.Build.0 = Debug|Any CPU
		{B08C6AB0-C58C-4111-8AD5-90981950922B}.Release|Any CPU.ActiveCfg = Release|Any CPU
		{B08C6AB0-C58C-4111-8AD5-90981950922B}.Release|Any CPU.Build.0 = Release|Any CPU
		{3B24288A-C78F-4843-9CE2-531F24D7EE01}.Debug|Any CPU.ActiveCfg = Debug|Any CPU
		{3B24288A-C78F-4843-9CE2-531F24D7EE01}.Debug|Any CPU.Build.0 = Debug|Any CPU
		{3B24288A-C78F-4843-9CE2-531F24D7EE01}.Release|Any CPU.ActiveCfg = Release|Any CPU
		{3B24288A-C78F-4843-9CE2-531F24D7EE01}.Release|Any CPU.Build.0 = Release|Any CPU
		{2AF4E898-A961-4F8D-A860-E380249D6900}.Debug|Any CPU.ActiveCfg = Debug|Any CPU
		{2AF4E898-A961-4F8D-A860-E380249D6900}.Debug|Any CPU.Build.0 = Debug|Any CPU
		{2AF4E898-A961-4F8D-A860-E380249D6900}.Release|Any CPU.ActiveCfg = Release|Any CPU
		{2AF4E898-A961-4F8D-A860-E380249D6900}.Release|Any CPU.Build.0 = Release|Any CPU
		{8448741E-032A-4C13-9BDD-67407F8326E5}.Debug|Any CPU.ActiveCfg = Debug|Any CPU
		{8448741E-032A-4C13-9BDD-67407F8326E5}.Debug|Any CPU.Build.0 = Debug|Any CPU
		{8448741E-032A-4C13-9BDD-67407F8326E5}.Release|Any CPU.ActiveCfg = Release|Any CPU
		{8448741E-032A-4C13-9BDD-67407F8326E5}.Release|Any CPU.Build.0 = Release|Any CPU
		{E7C70FE5-7EAF-4375-ACD8-836EEE7C5380}.Debug|Any CPU.ActiveCfg = Debug|Any CPU
		{E7C70FE5-7EAF-4375-ACD8-836EEE7C5380}.Debug|Any CPU.Build.0 = Debug|Any CPU
		{E7C70FE5-7EAF-4375-ACD8-836EEE7C5380}.Release|Any CPU.ActiveCfg = Release|Any CPU
		{E7C70FE5-7EAF-4375-ACD8-836EEE7C5380}.Release|Any CPU.Build.0 = Release|Any CPU
		{6A785AC2-99D6-4477-A8FE-72459A13580C}.Debug|Any CPU.ActiveCfg = Debug|Any CPU
		{6A785AC2-99D6-4477-A8FE-72459A13580C}.Debug|Any CPU.Build.0 = Debug|Any CPU
		{6A785AC2-99D6-4477-A8FE-72459A13580C}.Release|Any CPU.ActiveCfg = Release|Any CPU
		{6A785AC2-99D6-4477-A8FE-72459A13580C}.Release|Any CPU.Build.0 = Release|Any CPU
		{8AED51CE-BAEA-4AB4-A6E0-55566A591241}.Debug|Any CPU.ActiveCfg = Debug|Any CPU
		{8AED51CE-BAEA-4AB4-A6E0-55566A591241}.Debug|Any CPU.Build.0 = Debug|Any CPU
		{8AED51CE-BAEA-4AB4-A6E0-55566A591241}.Release|Any CPU.ActiveCfg = Release|Any CPU
		{8AED51CE-BAEA-4AB4-A6E0-55566A591241}.Release|Any CPU.Build.0 = Release|Any CPU
		{ED77C4F1-9DF7-4272-A56B-8084D6BD279E}.Debug|Any CPU.ActiveCfg = Debug|Any CPU
		{ED77C4F1-9DF7-4272-A56B-8084D6BD279E}.Debug|Any CPU.Build.0 = Debug|Any CPU
		{ED77C4F1-9DF7-4272-A56B-8084D6BD279E}.Release|Any CPU.ActiveCfg = Release|Any CPU
		{ED77C4F1-9DF7-4272-A56B-8084D6BD279E}.Release|Any CPU.Build.0 = Release|Any CPU
		{5A471C83-3520-4964-BE64-8E416E81396B}.Debug|Any CPU.ActiveCfg = Debug|Any CPU
		{5A471C83-3520-4964-BE64-8E416E81396B}.Debug|Any CPU.Build.0 = Debug|Any CPU
		{5A471C83-3520-4964-BE64-8E416E81396B}.Release|Any CPU.ActiveCfg = Release|Any CPU
		{5A471C83-3520-4964-BE64-8E416E81396B}.Release|Any CPU.Build.0 = Release|Any CPU
		{C562A65A-924B-4936-A94D-D1D842F534EC}.Debug|Any CPU.ActiveCfg = Debug|Any CPU
		{C562A65A-924B-4936-A94D-D1D842F534EC}.Debug|Any CPU.Build.0 = Debug|Any CPU
		{C562A65A-924B-4936-A94D-D1D842F534EC}.Release|Any CPU.ActiveCfg = Release|Any CPU
		{C562A65A-924B-4936-A94D-D1D842F534EC}.Release|Any CPU.Build.0 = Release|Any CPU
		{7BDAE553-F06A-4111-B561-AC832CA04126}.Debug|Any CPU.ActiveCfg = Debug|Any CPU
		{7BDAE553-F06A-4111-B561-AC832CA04126}.Debug|Any CPU.Build.0 = Debug|Any CPU
		{7BDAE553-F06A-4111-B561-AC832CA04126}.Release|Any CPU.ActiveCfg = Release|Any CPU
		{7BDAE553-F06A-4111-B561-AC832CA04126}.Release|Any CPU.Build.0 = Release|Any CPU
		{7F8E23E6-336C-43D6-9938-81328084A308}.Debug|Any CPU.ActiveCfg = Debug|Any CPU
		{7F8E23E6-336C-43D6-9938-81328084A308}.Debug|Any CPU.Build.0 = Debug|Any CPU
		{7F8E23E6-336C-43D6-9938-81328084A308}.Release|Any CPU.ActiveCfg = Release|Any CPU
		{7F8E23E6-336C-43D6-9938-81328084A308}.Release|Any CPU.Build.0 = Release|Any CPU
		{FCF431BD-4578-4C40-AAA1-EE7B7378DAAF}.Debug|Any CPU.ActiveCfg = Debug|Any CPU
		{FCF431BD-4578-4C40-AAA1-EE7B7378DAAF}.Debug|Any CPU.Build.0 = Debug|Any CPU
		{FCF431BD-4578-4C40-AAA1-EE7B7378DAAF}.Release|Any CPU.ActiveCfg = Release|Any CPU
		{FCF431BD-4578-4C40-AAA1-EE7B7378DAAF}.Release|Any CPU.Build.0 = Release|Any CPU
		{F1192C92-DEF6-4D9E-8432-2BF7B3606028}.Debug|Any CPU.ActiveCfg = Debug|Any CPU
		{F1192C92-DEF6-4D9E-8432-2BF7B3606028}.Debug|Any CPU.Build.0 = Debug|Any CPU
		{F1192C92-DEF6-4D9E-8432-2BF7B3606028}.Release|Any CPU.ActiveCfg = Release|Any CPU
		{F1192C92-DEF6-4D9E-8432-2BF7B3606028}.Release|Any CPU.Build.0 = Release|Any CPU
		{29B66245-18AA-40E8-A38C-D1C67CC6183A}.Debug|Any CPU.ActiveCfg = Debug|Any CPU
		{29B66245-18AA-40E8-A38C-D1C67CC6183A}.Debug|Any CPU.Build.0 = Debug|Any CPU
		{29B66245-18AA-40E8-A38C-D1C67CC6183A}.Release|Any CPU.ActiveCfg = Release|Any CPU
		{29B66245-18AA-40E8-A38C-D1C67CC6183A}.Release|Any CPU.Build.0 = Release|Any CPU
	EndGlobalSection
	GlobalSection(SolutionProperties) = preSolution
		HideSolutionNode = FALSE
	EndGlobalSection
	GlobalSection(ExtensibilityGlobals) = postSolution
		SolutionGuid = {EDC45476-EAC3-4383-8F4B-49CA22316AD8}
	EndGlobalSection
EndGlobal
